
Microsoft Visual Studio Solution File, Format Version 12.00
# Visual Studio Version 16
VisualStudioVersion = 16.0.30011.22
MinimumVisualStudioVersion = 10.0.40219.1
Project("{FAE04EC0-301F-11D3-BF4B-00C04F79EFBC}") = "Lab7", "Lab7\Lab7.csproj", "{00337D1B-E075-47A3-A4A3-CDC3F4FC1EF1}"
EndProject
Global
	GlobalSection(SolutionConfigurationPlatforms) = preSolution
		Debug|Any CPU = Debug|Any CPU
		Release|Any CPU = Release|Any CPU
	EndGlobalSection
	GlobalSection(ProjectConfigurationPlatforms) = postSolution
		{00337D1B-E075-47A3-A4A3-CDC3F4FC1EF1}.Debug|Any CPU.ActiveCfg = Debug|Any CPU
		{00337D1B-E075-47A3-A4A3-CDC3F4FC1EF1}.Debug|Any CPU.Build.0 = Debug|Any CPU
		{00337D1B-E075-47A3-A4A3-CDC3F4FC1EF1}.Release|Any CPU.ActiveCfg = Release|Any CPU
		{00337D1B-E075-47A3-A4A3-CDC3F4FC1EF1}.Release|Any CPU.Build.0 = Release|Any CPU
	EndGlobalSection
	GlobalSection(SolutionProperties) = preSolution
		HideSolutionNode = FALSE
	EndGlobalSection
	GlobalSection(ExtensibilityGlobals) = postSolution
		SolutionGuid = {37B007C3-33CC-48C2-A2EB-13FC9FC90EE5}
	EndGlobalSection
EndGlobal
